<?xml version="1.0" encoding="utf-8"?>
<Project ToolsVersion="14.0" xmlns="http://schemas.microsoft.com/developer/msbuild/2003">
  <ItemGroup>
    <Filter Include="Common">
      <UniqueIdentifier>ade278b9-3869-4132-8db1-5af574cc9ae9</UniqueIdentifier>
    </Filter>
    <Filter Include="Assets">
      <UniqueIdentifier>ebd5fddc-e555-4cb0-867d-d16e181d14ec</UniqueIdentifier>
      <Extensions>bmp;fbx;gif;jpg;jpeg;tga;tiff;tif;png</Extensions>
    </Filter>
  </ItemGroup>
  <ItemGroup>
    <ApplicationDefinition Include="App.xaml" />
  </ItemGroup>
  <ItemGroup>
    <ClCompile Include="App.xaml.cpp" />
    <ClCompile Include="MainPage.xaml.cpp" />
    <ClCompile Include="pch.cpp" />
    <ClCompile Include="UIdataContainer.cpp" />
    <ClCompile Include="BlankPage.xaml.cpp" />
    <ClCompile Include="DayEventView.xaml.cpp" />
    <ClCompile Include="ScheduleTab.xaml.cpp" />
    <ClCompile Include="PlayerTab.xaml.cpp" />
    <ClCompile Include="CodeToolBox.cpp" />
  </ItemGroup>
  <ItemGroup>
    <ClInclude Include="pch.h" />
    <ClInclude Include="App.xaml.h" />
    <ClInclude Include="MainPage.xaml.h" />
    <ClInclude Include="UIdataContainer.h" />
    <ClInclude Include="BlankPage.xaml.h" />
    <ClInclude Include="json.hpp" />
    <ClInclude Include="DayEventView.xaml.h" />
    <ClInclude Include="ScheduleTab.xaml.h" />
    <ClInclude Include="AudioRely.hpp" />
    <ClInclude Include="PlayerTab.xaml.h" />
    <ClInclude Include="CodeToolBox.h" />
  </ItemGroup>
  <ItemGroup>
    <Image Include="Assets\LockScreenLogo.scale-200.png">
      <Filter>Assets</Filter>
    </Image>
    <Image Include="Assets\SplashScreen.scale-200.png">
      <Filter>Assets</Filter>
    </Image>
    <Image Include="Assets\Square150x150Logo.scale-200.png">
      <Filter>Assets</Filter>
    </Image>
    <Image Include="Assets\Square44x44Logo.scale-200.png">
      <Filter>Assets</Filter>
    </Image>
    <Image Include="Assets\Square44x44Logo.targetsize-24_altform-unplated.png">
      <Filter>Assets</Filter>
    </Image>
    <Image Include="Assets\StoreLogo.png">
      <Filter>Assets</Filter>
    </Image>
    <Image Include="Assets\Wide310x150Logo.scale-200.png">
      <Filter>Assets</Filter>
    </Image>
  </ItemGroup>
  <ItemGroup>
    <AppxManifest Include="Package.appxmanifest" />
  </ItemGroup>
  <ItemGroup>
    <None Include="BrodcastScher_TemporaryKey.pfx" />
  </ItemGroup>
  <ItemGroup>
    <Page Include="MainPage.xaml" />
    <Page Include="ScheduleTab.xaml" />
    <Page Include="DayEventView.xaml" />
    <Page Include="PlayerTab.xaml" />
  </ItemGroup>
</Project>